
Microsoft Visual Studio Solution File, Format Version 12.00
# Visual Studio Version 16
VisualStudioVersion = 16.0.30523.141
MinimumVisualStudioVersion = 10.0.40219.1
Project("{FAE04EC0-301F-11D3-BF4B-00C04F79EFBC}") = "DesafioInmetrics-TDD", "DesafioInmetrics-TDD\DesafioInmetrics-TDD.csproj", "{B5BABD91-4B6A-4EEB-9DFB-555AE4E56405}"
EndProject
Global
	GlobalSection(SolutionConfigurationPlatforms) = preSolution
		Debug|Any CPU = Debug|Any CPU
		Release|Any CPU = Release|Any CPU
	EndGlobalSection
	GlobalSection(ProjectConfigurationPlatforms) = postSolution
		{B5BABD91-4B6A-4EEB-9DFB-555AE4E56405}.Debug|Any CPU.ActiveCfg = Debug|Any CPU
		{B5BABD91-4B6A-4EEB-9DFB-555AE4E56405}.Debug|Any CPU.Build.0 = Debug|Any CPU
		{B5BABD91-4B6A-4EEB-9DFB-555AE4E56405}.Release|Any CPU.ActiveCfg = Release|Any CPU
		{B5BABD91-4B6A-4EEB-9DFB-555AE4E56405}.Release|Any CPU.Build.0 = Release|Any CPU
	EndGlobalSection
	GlobalSection(SolutionProperties) = preSolution
		HideSolutionNode = FALSE
	EndGlobalSection
	GlobalSection(ExtensibilityGlobals) = postSolution
		SolutionGuid = {385474A5-B066-4D8C-B2CB-177A574738EE}
	EndGlobalSection
EndGlobal
